<?xml version="1.0" encoding="utf-8"?>
<PROJECTLOCK>
  <ITEM>
    <USERNAME>Winser</USERNAME>
    <DOMAIN />
    <MACHINE>VIW10L10</MACHINE>
    <LOCKDATE>23/03/2023 10:08:19</LOCKDATE>
    <LOCKEDVERSION>10.4.1.1050</LOCKEDVERSION>
    <UNLOCKDATE>23/03/2023 10:08:19</UNLOCKDATE>
    <UNLOCKEDVERSION>10.4.1.1050</UNLOCKEDVERSION>
  </ITEM>
</PROJECTLOCK>